
Microsoft Visual Studio Solution File, Format Version 12.00
# Visual Studio Version 17
VisualStudioVersion = 17.3.32611.2
MinimumVisualStudioVersion = 10.0.40219.1
Project("{2150E333-8FDC-42A3-9474-1A3956D46DE8}") = "src", "src", "{24053C0E-4DDA-45B9-BE99-CCD2189C7256}"
EndProject
Project("{9A19103F-16F7-4668-BE54-9A1E7A4F7556}") = "MyCrypto.Backend", "src\MyCrypto.Backend\MyCrypto.Backend.csproj", "{B0940F58-A715-4256-B46D-0D4B432284C0}"
EndProject
Project("{FAE04EC0-301F-11D3-BF4B-00C04F79EFBC}") = "MyCrypto.Playground", "src\MyCrypto.Playground\MyCrypto.Playground.csproj", "{C10A42D5-9FD6-46A3-9695-BE183AE110E5}"
EndProject
Global
	GlobalSection(SolutionConfigurationPlatforms) = preSolution
		Debug|Any CPU = Debug|Any CPU
		Release|Any CPU = Release|Any CPU
	EndGlobalSection
	GlobalSection(ProjectConfigurationPlatforms) = postSolution
		{B0940F58-A715-4256-B46D-0D4B432284C0}.Debug|Any CPU.ActiveCfg = Debug|Any CPU
		{B0940F58-A715-4256-B46D-0D4B432284C0}.Debug|Any CPU.Build.0 = Debug|Any CPU
		{B0940F58-A715-4256-B46D-0D4B432284C0}.Release|Any CPU.ActiveCfg = Release|Any CPU
		{B0940F58-A715-4256-B46D-0D4B432284C0}.Release|Any CPU.Build.0 = Release|Any CPU
		{C10A42D5-9FD6-46A3-9695-BE183AE110E5}.Debug|Any CPU.ActiveCfg = Debug|Any CPU
		{C10A42D5-9FD6-46A3-9695-BE183AE110E5}.Debug|Any CPU.Build.0 = Debug|Any CPU
		{C10A42D5-9FD6-46A3-9695-BE183AE110E5}.Release|Any CPU.ActiveCfg = Release|Any CPU
		{C10A42D5-9FD6-46A3-9695-BE183AE110E5}.Release|Any CPU.Build.0 = Release|Any CPU
	EndGlobalSection
	GlobalSection(SolutionProperties) = preSolution
		HideSolutionNode = FALSE
	EndGlobalSection
	GlobalSection(NestedProjects) = preSolution
		{B0940F58-A715-4256-B46D-0D4B432284C0} = {24053C0E-4DDA-45B9-BE99-CCD2189C7256}
		{C10A42D5-9FD6-46A3-9695-BE183AE110E5} = {24053C0E-4DDA-45B9-BE99-CCD2189C7256}
	EndGlobalSection
	GlobalSection(ExtensibilityGlobals) = postSolution
		SolutionGuid = {FAFB2C7A-8728-447C-997A-2CBB6646B07F}
	EndGlobalSection
EndGlobal
